
Microsoft Visual Studio Solution File, Format Version 12.00
# Visual Studio 2013
VisualStudioVersion = 12.0.31101.0
MinimumVisualStudioVersion = 10.0.40219.1
Project("{FAE04EC0-301F-11D3-BF4B-00C04F79EFBC}") = "StegoSharp", "StegoSharp\StegoSharp.csproj", "{2442E986-696A-406B-A349-AAA3C652FE1A}"
EndProject
Project("{FAE04EC0-301F-11D3-BF4B-00C04F79EFBC}") = "UnitTests", "UnitTests\UnitTests.csproj", "{B136D070-A746-483C-8483-29888BF149B6}"
EndProject
Project("{2150E333-8FDC-42A3-9474-1A3956D46DE8}") = ".nuget", ".nuget", "{90CF0497-F17E-4552-B371-D4C2A004B937}"
	ProjectSection(SolutionItems) = preProject
		.nuget\packages.config = .nuget\packages.config
	EndProjectSection
EndProject
Global
	GlobalSection(SolutionConfigurationPlatforms) = preSolution
		Debug|Any CPU = Debug|Any CPU
		Release|Any CPU = Release|Any CPU
	EndGlobalSection
	GlobalSection(ProjectConfigurationPlatforms) = postSolution
		{2442E986-696A-406B-A349-AAA3C652FE1A}.Debug|Any CPU.ActiveCfg = Debug|Any CPU
		{2442E986-696A-406B-A349-AAA3C652FE1A}.Debug|Any CPU.Build.0 = Debug|Any CPU
		{2442E986-696A-406B-A349-AAA3C652FE1A}.Release|Any CPU.ActiveCfg = Release|Any CPU
		{2442E986-696A-406B-A349-AAA3C652FE1A}.Release|Any CPU.Build.0 = Release|Any CPU
		{B136D070-A746-483C-8483-29888BF149B6}.Debug|Any CPU.ActiveCfg = Debug|Any CPU
		{B136D070-A746-483C-8483-29888BF149B6}.Debug|Any CPU.Build.0 = Debug|Any CPU
		{B136D070-A746-483C-8483-29888BF149B6}.Release|Any CPU.ActiveCfg = Release|Any CPU
		{B136D070-A746-483C-8483-29888BF149B6}.Release|Any CPU.Build.0 = Release|Any CPU
	EndGlobalSection
	GlobalSection(SolutionProperties) = preSolution
		HideSolutionNode = FALSE
	EndGlobalSection
EndGlobal
